
Microsoft Visual Studio Solution File, Format Version 12.00
# Visual Studio Version 17
VisualStudioVersion = 17.8.34309.116
MinimumVisualStudioVersion = 10.0.40219.1
Project("{FAE04EC0-301F-11D3-BF4B-00C04F79EFBC}") = "checked-list-view", "checked-list-view\checked-list-view.csproj", "{C7F75E7B-55EE-410F-BDFC-148CCCB1E42F}"
EndProject
Global
	GlobalSection(SolutionConfigurationPlatforms) = preSolution
		Debug|Any CPU = Debug|Any CPU
		Release|Any CPU = Release|Any CPU
	EndGlobalSection
	GlobalSection(ProjectConfigurationPlatforms) = postSolution
		{C7F75E7B-55EE-410F-BDFC-148CCCB1E42F}.Debug|Any CPU.ActiveCfg = Debug|Any CPU
		{C7F75E7B-55EE-410F-BDFC-148CCCB1E42F}.Debug|Any CPU.Build.0 = Debug|Any CPU
		{C7F75E7B-55EE-410F-BDFC-148CCCB1E42F}.Debug|Any CPU.Deploy.0 = Debug|Any CPU
		{C7F75E7B-55EE-410F-BDFC-148CCCB1E42F}.Release|Any CPU.ActiveCfg = Release|Any CPU
		{C7F75E7B-55EE-410F-BDFC-148CCCB1E42F}.Release|Any CPU.Build.0 = Release|Any CPU
		{C7F75E7B-55EE-410F-BDFC-148CCCB1E42F}.Release|Any CPU.Deploy.0 = Release|Any CPU
	EndGlobalSection
	GlobalSection(SolutionProperties) = preSolution
		HideSolutionNode = FALSE
	EndGlobalSection
	GlobalSection(ExtensibilityGlobals) = postSolution
		SolutionGuid = {5F85521E-8D99-4308-BD04-D474823C2CE8}
	EndGlobalSection
EndGlobal
